{
  "projects": [
    {
      "projectId": "85TuUS2HqupE65YrWAJYno",
      "version": "latest",
      "dependencies": {},
      "lang": "ts",
      "fileLocks": [
        {
          "type": "globalVariant",
          "assetId": "Iq_m-Zg43iwZ",
          "checksum": "32afdfd13c04a6d66a0c5c9d7e883309"
        },
        {
          "assetId": "85TuUS2HqupE65YrWAJYno",
          "type": "projectCss",
          "checksum": "d539a13c4fc2cd4361e7c91d41d343ad"
        },
        {
          "type": "renderModule",
          "assetId": "YNFP6HfQjfMy",
          "checksum": "9b234c137e6115da8bc2090982512f8c"
        },
        {
          "type": "cssRules",
          "assetId": "YNFP6HfQjfMy",
          "checksum": "9b234c137e6115da8bc2090982512f8c"
        },
        {
          "type": "renderModule",
          "assetId": "elg-uBlVH3",
          "checksum": "c5dba997bd72067dff64440713ea173e"
        },
        {
          "type": "cssRules",
          "assetId": "elg-uBlVH3",
          "checksum": "c5dba997bd72067dff64440713ea173e"
        },
        {
          "type": "icon",
          "assetId": "2HYYUs372k",
          "checksum": "ff13d3fad2456ce78784507ac97248c0"
        },
        {
          "type": "icon",
          "assetId": "iYK_bKALqA",
          "checksum": "0365adb67ef3739499b83f3c895dc5dd"
        },
        {
          "type": "icon",
          "assetId": "EF7P-P4dj2",
          "checksum": "115be5120963e4812a8ea2785218aff3"
        },
        {
          "type": "icon",
          "assetId": "R8P6XZYBnV",
          "checksum": "160aa4da6085a93473345d87ea64af3e"
        },
        {
          "type": "icon",
          "assetId": "bItsBHba2E",
          "checksum": "43975fa14ca7b6d6397a2785a00d1b97"
        },
        {
          "type": "icon",
          "assetId": "Su7kw5V9hzl",
          "checksum": "aa91cebbd97569c49dad8c3dd39698fd"
        },
        {
          "type": "icon",
          "assetId": "YzRNGHdyvf1",
          "checksum": "ff940eca4ca2d1787e045d383c150961"
        },
        {
          "type": "icon",
          "assetId": "0zjxkzAV20u",
          "checksum": "bb9e427d5e548218b3ec036231115279"
        },
        {
          "type": "icon",
          "assetId": "N7xjy0zQWz_",
          "checksum": "512c4078b2386cb51c3612c3b87cd2cc"
        },
        {
          "type": "icon",
          "assetId": "RU2SKHE3qlN",
          "checksum": "daee9752bf69a9308a3b18f807910bdb"
        },
        {
          "type": "icon",
          "assetId": "ZA7sK3fqDy8",
          "checksum": "ffcf8db74d6dd8a8d267f0d29db29007"
        },
        {
          "type": "icon",
          "assetId": "l9LUKo7KNvi",
          "checksum": "40e988de6daf04cf89724e62f933b410"
        },
        {
          "type": "icon",
          "assetId": "NnPllos6v",
          "checksum": "fdca32d1bd7c26635efb36916823a667"
        },
        {
          "type": "icon",
          "assetId": "vADipQr7JP",
          "checksum": "775c21770408fe40e469491009c1400a"
        },
        {
          "type": "icon",
          "assetId": "sY2v-i0_WWt",
          "checksum": "068536dca8079311041a9971a9d5b823"
        },
        {
          "type": "icon",
          "assetId": "ny2jtBcUjx",
          "checksum": "9da829a429c831071fcd8429224e894d"
        },
        {
          "type": "icon",
          "assetId": "rgtbv8gVf3",
          "checksum": "5096aa0fccf9b10f82be9d18d301e906"
        },
        {
          "type": "icon",
          "assetId": "MqqNg7auKB",
          "checksum": "c7450045071ecbf0b171e6a25ce5fdde"
        },
        {
          "type": "icon",
          "assetId": "mEAw-TW7YKe",
          "checksum": "bcc196ba2d99bdcc7bfd3d7b255f0903"
        },
        {
          "type": "icon",
          "assetId": "7AvNOgXN37",
          "checksum": "44c4142ec63c0c9d7e35e0224a23b326"
        },
        {
          "type": "icon",
          "assetId": "j8ggNEtMbP",
          "checksum": "f35cd48b7f8a4270d7ebd00fd17facc7"
        },
        {
          "type": "icon",
          "assetId": "qXTePfCoi0Q",
          "checksum": "791f6a11d8ca90962883afbda40e05f8"
        },
        {
          "type": "icon",
          "assetId": "UWPmpvyZlI",
          "checksum": "9e45e863e5b2117c116e328c2a1c301d"
        },
        {
          "type": "icon",
          "assetId": "av0KNMlr81",
          "checksum": "d84d19c56f9dd9124a9918bc1920ef59"
        },
        {
          "type": "icon",
          "assetId": "5AmfjJmivvm",
          "checksum": "a42029978d0a7c69bd50e73f0500cf1d"
        },
        {
          "type": "icon",
          "assetId": "pDx-6gcR38k",
          "checksum": "117953f3c4de8f4e5204b42aa6dc9e4b"
        },
        {
          "type": "image",
          "assetId": "2KWVRHbcVf",
          "checksum": "0e912b96c3b33de2778c2856566b0cc2"
        },
        {
          "type": "image",
          "assetId": "bK2Dxh7lS1",
          "checksum": "1b41a19c283e199c46f8e376c6018b82"
        },
        {
          "type": "image",
          "assetId": "CjHX1TC1qcz",
          "checksum": "afcf445e2da68bb3d81fca1cc5cd648a"
        },
        {
          "type": "image",
          "assetId": "SpuXilRxVx6",
          "checksum": "ffb6476c934604d7eb62b1cdf2a10511"
        },
        {
          "type": "image",
          "assetId": "YvUV_6B5VLf",
          "checksum": "65b79ffa5aa14068af03ee8186673b54"
        },
        {
          "type": "image",
          "assetId": "64WTZ6OSlgY",
          "checksum": "11f9bdaa83575533fe11b9f2b864346a"
        },
        {
          "type": "image",
          "assetId": "VSxG014Iy",
          "checksum": "351d8b4534265dc8f4530871c9e35d76"
        },
        {
          "type": "image",
          "assetId": "rjlyQHOvF9",
          "checksum": "aff5bc2f19013237a378ceff4c89b34c"
        },
        {
          "type": "image",
          "assetId": "PcM0JMRrT",
          "checksum": "36ba6328bec7c8ca1aa0a5d53262a94e"
        },
        {
          "type": "image",
          "assetId": "SZyVH6x-4O",
          "checksum": "af4795d973a01eb2bf1968b3e6c6c171"
        },
        {
          "type": "image",
          "assetId": "LpUCiS8eU9",
          "checksum": "0806fcb2c81cc71044ad71a0bb52d9c1"
        },
        {
          "type": "image",
          "assetId": "aK1fQJqe7",
          "checksum": "c7723d9bda873c37dcdaaa2ca653477f"
        },
        {
          "type": "image",
          "assetId": "cCJFbhKJ1u",
          "checksum": "06e760956f9d8a81ba69df26a8b8cad5"
        },
        {
          "type": "image",
          "assetId": "HxSkUDs92",
          "checksum": "5f7d561decb0b35b04015a9df81c7772"
        },
        {
          "type": "image",
          "assetId": "-_kUEyRa0",
          "checksum": "6db877bbd6eef6d9182d75ce7602b1e8"
        },
        {
          "type": "image",
          "assetId": "A-l7T87z2v",
          "checksum": "6231ebc27248f9a05b8188917f2ad474"
        },
        {
          "type": "image",
          "assetId": "v5cR2DfXET",
          "checksum": "d8c66147a5ebc91449f51b102eefd877"
        }
      ]
    }
  ],
  "cliVersion": "0.1.158"
}
